
Microsoft Visual Studio Solution File, Format Version 12.00
# Visual Studio 15
VisualStudioVersion = 15.0.28010.2036
MinimumVisualStudioVersion = 10.0.40219.1
Project("{888888A0-9F3D-457C-B088-3A5042F75D52}") = "Accounting-System", "Accounting-System.pyproj", "{36B71360-BA1B-4C61-BE93-2B584588523E}"
EndProject
Global
	GlobalSection(SolutionConfigurationPlatforms) = preSolution
		Debug|Any CPU = Debug|Any CPU
		Release|Any CPU = Release|Any CPU
	EndGlobalSection
	GlobalSection(ProjectConfigurationPlatforms) = postSolution
		{36B71360-BA1B-4C61-BE93-2B584588523E}.Debug|Any CPU.ActiveCfg = Debug|Any CPU
		{36B71360-BA1B-4C61-BE93-2B584588523E}.Release|Any CPU.ActiveCfg = Release|Any CPU
	EndGlobalSection
	GlobalSection(SolutionProperties) = preSolution
		HideSolutionNode = FALSE
	EndGlobalSection
	GlobalSection(ExtensibilityGlobals) = postSolution
		SolutionGuid = {D3102E44-3EA1-46C6-842A-B6E71D02C677}
	EndGlobalSection
EndGlobal
